// !$*UTF8*$!
{
	archiveVersion = 1;
	classes = {
	};
	objectVersion = 56;
	objects = {

/* Begin PBXBuildFile section */
		D4228C452C0555A200EC924A /* AppDelegate.swift in Sources */ = {isa = PBXBuildFile; fileRef = D4228C442C0555A200EC924A /* AppDelegate.swift */; };
		D4228C472C0555A200EC924A /* SceneDelegate.swift in Sources */ = {isa = PBXBuildFile; fileRef = D4228C462C0555A200EC924A /* SceneDelegate.swift */; };
		D4228C492C0555A200EC924A /* ViewController.swift in Sources */ = {isa = PBXBuildFile; fileRef = D4228C482C0555A200EC924A /* ViewController.swift */; };
		D4228C4C2C0555A200EC924A /* Base in Resources */ = {isa = PBXBuildFile; fileRef = D4228C4B2C0555A200EC924A /* Base */; };
		D4228C4E2C0555A300EC924A /* Assets.xcassets in Resources */ = {isa = PBXBuildFile; fileRef = D4228C4D2C0555A300EC924A /* Assets.xcassets */; };
		D4228C512C0555A300EC924A /* Base in Resources */ = {isa = PBXBuildFile; fileRef = D4228C502C0555A300EC924A /* Base */; };
		D4228C592C05602700EC924A /* Home.storyboard in Resources */ = {isa = PBXBuildFile; fileRef = D4228C582C05602700EC924A /* Home.storyboard */; };
		D4228C5B2C05603000EC924A /* Search.storyboard in Resources */ = {isa = PBXBuildFile; fileRef = D4228C5A2C05603000EC924A /* Search.storyboard */; };
		D4228C5D2C05603700EC924A /* Settings.storyboard in Resources */ = {isa = PBXBuildFile; fileRef = D4228C5C2C05603700EC924A /* Settings.storyboard */; };
		D4228C622C0563AA00EC924A /* HomeViewController.swift in Sources */ = {isa = PBXBuildFile; fileRef = D4228C612C0563AA00EC924A /* HomeViewController.swift */; };
		D4228C642C0563B400EC924A /* SearchViewController.swift in Sources */ = {isa = PBXBuildFile; fileRef = D4228C632C0563B400EC924A /* SearchViewController.swift */; };
		D4228C662C0563BB00EC924A /* SettingsViewController.swift in Sources */ = {isa = PBXBuildFile; fileRef = D4228C652C0563BB00EC924A /* SettingsViewController.swift */; };
		D4228C692C0565B300EC924A /* UIViewController+Extension.swift in Sources */ = {isa = PBXBuildFile; fileRef = D4228C682C0565B300EC924A /* UIViewController+Extension.swift */; };
		D4228C6D2C0579F900EC924A /* SampleTableViewCell.swift in Sources */ = {isa = PBXBuildFile; fileRef = D4228C6B2C0579F900EC924A /* SampleTableViewCell.swift */; };
		D4228C6E2C0579F900EC924A /* SampleTableViewCell.xib in Resources */ = {isa = PBXBuildFile; fileRef = D4228C6C2C0579F900EC924A /* SampleTableViewCell.xib */; };
		D4228C712C05A1B400EC924A /* TravelModel.swift in Sources */ = {isa = PBXBuildFile; fileRef = D4228C702C05A1B400EC924A /* TravelModel.swift */; };
		D4228C7B2C06B22800EC924A /* BrownViewController.swift in Sources */ = {isa = PBXBuildFile; fileRef = D4228C7A2C06B22800EC924A /* BrownViewController.swift */; };
		D4228C7D2C06CF0400EC924A /* DetailViewController.swift in Sources */ = {isa = PBXBuildFile; fileRef = D4228C7C2C06CF0400EC924A /* DetailViewController.swift */; };
/* End PBXBuildFile section */

/* Begin PBXFileReference section */
		D4228C412C0555A200EC924A /* SeSAC0528.app */ = {isa = PBXFileReference; explicitFileType = wrapper.application; includeInIndex = 0; path = SeSAC0528.app; sourceTree = BUILT_PRODUCTS_DIR; };
		D4228C442C0555A200EC924A /* AppDelegate.swift */ = {isa = PBXFileReference; lastKnownFileType = sourcecode.swift; path = AppDelegate.swift; sourceTree = "<group>"; };
		D4228C462C0555A200EC924A /* SceneDelegate.swift */ = {isa = PBXFileReference; lastKnownFileType = sourcecode.swift; path = SceneDelegate.swift; sourceTree = "<group>"; };
		D4228C482C0555A200EC924A /* ViewController.swift */ = {isa = PBXFileReference; lastKnownFileType = sourcecode.swift; path = ViewController.swift; sourceTree = "<group>"; };
		D4228C4B2C0555A200EC924A /* Base */ = {isa = PBXFileReference; lastKnownFileType = file.storyboard; name = Base; path = Base.lproj/Main.storyboard; sourceTree = "<group>"; };
		D4228C4D2C0555A300EC924A /* Assets.xcassets */ = {isa = PBXFileReference; lastKnownFileType = folder.assetcatalog; path = Assets.xcassets; sourceTree = "<group>"; };
		D4228C502C0555A300EC924A /* Base */ = {isa = PBXFileReference; lastKnownFileType = file.storyboard; name = Base; path = Base.lproj/LaunchScreen.storyboard; sourceTree = "<group>"; };
		D4228C522C0555A300EC924A /* Info.plist */ = {isa = PBXFileReference; lastKnownFileType = text.plist.xml; path = Info.plist; sourceTree = "<group>"; };
		D4228C582C05602700EC924A /* Home.storyboard */ = {isa = PBXFileReference; lastKnownFileType = file.storyboard; path = Home.storyboard; sourceTree = "<group>"; };
		D4228C5A2C05603000EC924A /* Search.storyboard */ = {isa = PBXFileReference; lastKnownFileType = file.storyboard; path = Search.storyboard; sourceTree = "<group>"; };
		D4228C5C2C05603700EC924A /* Settings.storyboard */ = {isa = PBXFileReference; lastKnownFileType = file.storyboard; path = Settings.storyboard; sourceTree = "<group>"; };
		D4228C612C0563AA00EC924A /* HomeViewController.swift */ = {isa = PBXFileReference; lastKnownFileType = sourcecode.swift; path = HomeViewController.swift; sourceTree = "<group>"; };
		D4228C632C0563B400EC924A /* SearchViewController.swift */ = {isa = PBXFileReference; lastKnownFileType = sourcecode.swift; path = SearchViewController.swift; sourceTree = "<group>"; };
		D4228C652C0563BB00EC924A /* SettingsViewController.swift */ = {isa = PBXFileReference; lastKnownFileType = sourcecode.swift; path = SettingsViewController.swift; sourceTree = "<group>"; };
		D4228C682C0565B300EC924A /* UIViewController+Extension.swift */ = {isa = PBXFileReference; lastKnownFileType = sourcecode.swift; path = "UIViewController+Extension.swift"; sourceTree = "<group>"; };
		D4228C6B2C0579F900EC924A /* SampleTableViewCell.swift */ = {isa = PBXFileReference; lastKnownFileType = sourcecode.swift; path = SampleTableViewCell.swift; sourceTree = "<group>"; };
		D4228C6C2C0579F900EC924A /* SampleTableViewCell.xib */ = {isa = PBXFileReference; lastKnownFileType = file.xib; path = SampleTableViewCell.xib; sourceTree = "<group>"; };
		D4228C702C05A1B400EC924A /* TravelModel.swift */ = {isa = PBXFileReference; fileEncoding = 4; lastKnownFileType = sourcecode.swift; path = TravelModel.swift; sourceTree = "<group>"; };
		D4228C7A2C06B22800EC924A /* BrownViewController.swift */ = {isa = PBXFileReference; lastKnownFileType = sourcecode.swift; path = BrownViewController.swift; sourceTree = "<group>"; };
		D4228C7C2C06CF0400EC924A /* DetailViewController.swift */ = {isa = PBXFileReference; lastKnownFileType = sourcecode.swift; path = DetailViewController.swift; sourceTree = "<group>"; };
/* End PBXFileReference section */

/* Begin PBXFrameworksBuildPhase section */
		D4228C3E2C0555A200EC924A /* Frameworks */ = {
			isa = PBXFrameworksBuildPhase;
			buildActionMask = 2147483647;
			files = (
			);
			runOnlyForDeploymentPostprocessing = 0;
		};
/* End PBXFrameworksBuildPhase section */

/* Begin PBXGroup section */
		D4228C382C0555A200EC924A = {
			isa = PBXGroup;
			children = (
				D4228C432C0555A200EC924A /* SeSAC0528 */,
				D4228C422C0555A200EC924A /* Products */,
			);
			sourceTree = "<group>";
		};
		D4228C422C0555A200EC924A /* Products */ = {
			isa = PBXGroup;
			children = (
				D4228C412C0555A200EC924A /* SeSAC0528.app */,
			);
			name = Products;
			sourceTree = "<group>";
		};
		D4228C432C0555A200EC924A /* SeSAC0528 */ = {
			isa = PBXGroup;
			children = (
				D4228C442C0555A200EC924A /* AppDelegate.swift */,
				D4228C462C0555A200EC924A /* SceneDelegate.swift */,
				D4228C4A2C0555A200EC924A /* Main.storyboard */,
				D4228C482C0555A200EC924A /* ViewController.swift */,
				D4228C6A2C0579A100EC924A /* Cell */,
				D4228C5E2C05632300EC924A /* Home */,
				D4228C5F2C05635C00EC924A /* Search */,
				D4228C602C05636100EC924A /* Settings */,
				D4228C672C05657B00EC924A /* Extensions */,
				D4228C6F2C05A16300EC924A /* Dummy */,
				D4228C4D2C0555A300EC924A /* Assets.xcassets */,
				D4228C4F2C0555A300EC924A /* LaunchScreen.storyboard */,
				D4228C522C0555A300EC924A /* Info.plist */,
			);
			path = SeSAC0528;
			sourceTree = "<group>";
		};
		D4228C5E2C05632300EC924A /* Home */ = {
			isa = PBXGroup;
			children = (
				D4228C582C05602700EC924A /* Home.storyboard */,
				D4228C612C0563AA00EC924A /* HomeViewController.swift */,
				D4228C7C2C06CF0400EC924A /* DetailViewController.swift */,
			);
			path = Home;
			sourceTree = "<group>";
		};
		D4228C5F2C05635C00EC924A /* Search */ = {
			isa = PBXGroup;
			children = (
				D4228C5A2C05603000EC924A /* Search.storyboard */,
				D4228C632C0563B400EC924A /* SearchViewController.swift */,
			);
			path = Search;
			sourceTree = "<group>";
		};
		D4228C602C05636100EC924A /* Settings */ = {
			isa = PBXGroup;
			children = (
				D4228C5C2C05603700EC924A /* Settings.storyboard */,
				D4228C652C0563BB00EC924A /* SettingsViewController.swift */,
				D4228C7A2C06B22800EC924A /* BrownViewController.swift */,
			);
			path = Settings;
			sourceTree = "<group>";
		};
		D4228C672C05657B00EC924A /* Extensions */ = {
			isa = PBXGroup;
			children = (
				D4228C682C0565B300EC924A /* UIViewController+Extension.swift */,
			);
			path = Extensions;
			sourceTree = "<group>";
		};
		D4228C6A2C0579A100EC924A /* Cell */ = {
			isa = PBXGroup;
			children = (
				D4228C6C2C0579F900EC924A /* SampleTableViewCell.xib */,
				D4228C6B2C0579F900EC924A /* SampleTableViewCell.swift */,
			);
			path = Cell;
			sourceTree = "<group>";
		};
		D4228C6F2C05A16300EC924A /* Dummy */ = {
			isa = PBXGroup;
			children = (
				D4228C702C05A1B400EC924A /* TravelModel.swift */,
			);
			path = Dummy;
			sourceTree = "<group>";
		};
/* End PBXGroup section */

/* Begin PBXNativeTarget section */
		D4228C402C0555A200EC924A /* SeSAC0528 */ = {
			isa = PBXNativeTarget;
			buildConfigurationList = D4228C552C0555A300EC924A /* Build configuration list for PBXNativeTarget "SeSAC0528" */;
			buildPhases = (
				D4228C3D2C0555A200EC924A /* Sources */,
				D4228C3E2C0555A200EC924A /* Frameworks */,
				D4228C3F2C0555A200EC924A /* Resources */,
			);
			buildRules = (
			);
			dependencies = (
			);
			name = SeSAC0528;
			productName = SeSAC0528;
			productReference = D4228C412C0555A200EC924A /* SeSAC0528.app */;
			productType = "com.apple.product-type.application";
		};
/* End PBXNativeTarget section */

/* Begin PBXProject section */
		D4228C392C0555A200EC924A /* Project object */ = {
			isa = PBXProject;
			attributes = {
				BuildIndependentTargetsInParallel = 1;
				LastSwiftUpdateCheck = 1540;
				LastUpgradeCheck = 1540;
				TargetAttributes = {
					D4228C402C0555A200EC924A = {
						CreatedOnToolsVersion = 15.4;
					};
				};
			};
			buildConfigurationList = D4228C3C2C0555A200EC924A /* Build configuration list for PBXProject "SeSAC0528" */;
			compatibilityVersion = "Xcode 14.0";
			developmentRegion = en;
			hasScannedForEncodings = 0;
			knownRegions = (
				en,
				Base,
			);
			mainGroup = D4228C382C0555A200EC924A;
			productRefGroup = D4228C422C0555A200EC924A /* Products */;
			projectDirPath = "";
			projectRoot = "";
			targets = (
				D4228C402C0555A200EC924A /* SeSAC0528 */,
			);
		};
/* End PBXProject section */

/* Begin PBXResourcesBuildPhase section */
		D4228C3F2C0555A200EC924A /* Resources */ = {
			isa = PBXResourcesBuildPhase;
			buildActionMask = 2147483647;
			files = (
				D4228C4E2C0555A300EC924A /* Assets.xcassets in Resources */,
				D4228C6E2C0579F900EC924A /* SampleTableViewCell.xib in Resources */,
				D4228C512C0555A300EC924A /* Base in Resources */,
				D4228C4C2C0555A200EC924A /* Base in Resources */,
				D4228C5D2C05603700EC924A /* Settings.storyboard in Resources */,
				D4228C592C05602700EC924A /* Home.storyboard in Resources */,
				D4228C5B2C05603000EC924A /* Search.storyboard in Resources */,
			);
			runOnlyForDeploymentPostprocessing = 0;
		};
/* End PBXResourcesBuildPhase section */

/* Begin PBXSourcesBuildPhase section */
		D4228C3D2C0555A200EC924A /* Sources */ = {
			isa = PBXSourcesBuildPhase;
			buildActionMask = 2147483647;
			files = (
				D4228C7D2C06CF0400EC924A /* DetailViewController.swift in Sources */,
				D4228C642C0563B400EC924A /* SearchViewController.swift in Sources */,
				D4228C7B2C06B22800EC924A /* BrownViewController.swift in Sources */,
				D4228C6D2C0579F900EC924A /* SampleTableViewCell.swift in Sources */,
				D4228C492C0555A200EC924A /* ViewController.swift in Sources */,
				D4228C712C05A1B400EC924A /* TravelModel.swift in Sources */,
				D4228C452C0555A200EC924A /* AppDelegate.swift in Sources */,
				D4228C472C0555A200EC924A /* SceneDelegate.swift in Sources */,
				D4228C692C0565B300EC924A /* UIViewController+Extension.swift in Sources */,
				D4228C622C0563AA00EC924A /* HomeViewController.swift in Sources */,
				D4228C662C0563BB00EC924A /* SettingsViewController.swift in Sources */,
			);
			runOnlyForDeploymentPostprocessing = 0;
		};
/* End PBXSourcesBuildPhase section */

/* Begin PBXVariantGroup section */
		D4228C4A2C0555A200EC924A /* Main.storyboard */ = {
			isa = PBXVariantGroup;
			children = (
				D4228C4B2C0555A200EC924A /* Base */,
			);
			name = Main.storyboard;
			sourceTree = "<group>";
		};
		D4228C4F2C0555A300EC924A /* LaunchScreen.storyboard */ = {
			isa = PBXVariantGroup;
			children = (
				D4228C502C0555A300EC924A /* Base */,
			);
			name = LaunchScreen.storyboard;
			sourceTree = "<group>";
		};
/* End PBXVariantGroup section */

/* Begin XCBuildConfiguration section */
		D4228C532C0555A300EC924A /* Debug */ = {
			isa = XCBuildConfiguration;
			buildSettings = {
				ALWAYS_SEARCH_USER_PATHS = NO;
				ASSETCATALOG_COMPILER_GENERATE_SWIFT_ASSET_SYMBOL_EXTENSIONS = YES;
				CLANG_ANALYZER_NONNULL = YES;
				CLANG_ANALYZER_NUMBER_OBJECT_CONVERSION = YES_AGGRESSIVE;
				CLANG_CXX_LANGUAGE_STANDARD = "gnu++20";
				CLANG_ENABLE_MODULES = YES;
				CLANG_ENABLE_OBJC_ARC = YES;
				CLANG_ENABLE_OBJC_WEAK = YES;
				CLANG_WARN_BLOCK_CAPTURE_AUTORELEASING = YES;
				CLANG_WARN_BOOL_CONVERSION = YES;
				CLANG_WARN_COMMA = YES;
				CLANG_WARN_CONSTANT_CONVERSION = YES;
				CLANG_WARN_DEPRECATED_OBJC_IMPLEMENTATIONS = YES;
				CLANG_WARN_DIRECT_OBJC_ISA_USAGE = YES_ERROR;
				CLANG_WARN_DOCUMENTATION_COMMENTS = YES;
				CLANG_WARN_EMPTY_BODY = YES;
				CLANG_WARN_ENUM_CONVERSION = YES;
				CLANG_WARN_INFINITE_RECURSION = YES;
				CLANG_WARN_INT_CONVERSION = YES;
				CLANG_WARN_NON_LITERAL_NULL_CONVERSION = YES;
				CLANG_WARN_OBJC_IMPLICIT_RETAIN_SELF = YES;
				CLANG_WARN_OBJC_LITERAL_CONVERSION = YES;
				CLANG_WARN_OBJC_ROOT_CLASS = YES_ERROR;
				CLANG_WARN_QUOTED_INCLUDE_IN_FRAMEWORK_HEADER = YES;
				CLANG_WARN_RANGE_LOOP_ANALYSIS = YES;
				CLANG_WARN_STRICT_PROTOTYPES = YES;
				CLANG_WARN_SUSPICIOUS_MOVE = YES;
				CLANG_WARN_UNGUARDED_AVAILABILITY = YES_AGGRESSIVE;
				CLANG_WARN_UNREACHABLE_CODE = YES;
				CLANG_WARN__DUPLICATE_METHOD_MATCH = YES;
				COPY_PHASE_STRIP = NO;
				DEBUG_INFORMATION_FORMAT = dwarf;
				ENABLE_STRICT_OBJC_MSGSEND = YES;
				ENABLE_TESTABILITY = YES;
				ENABLE_USER_SCRIPT_SANDBOXING = YES;
				GCC_C_LANGUAGE_STANDARD = gnu17;
				GCC_DYNAMIC_NO_PIC = NO;
				GCC_NO_COMMON_BLOCKS = YES;
				GCC_OPTIMIZATION_LEVEL = 0;
				GCC_PREPROCESSOR_DEFINITIONS = (
					"DEBUG=1",
					"$(inherited)",
				);
				GCC_WARN_64_TO_32_BIT_CONVERSION = YES;
				GCC_WARN_ABOUT_RETURN_TYPE = YES_ERROR;
				GCC_WARN_UNDECLARED_SELECTOR = YES;
				GCC_WARN_UNINITIALIZED_AUTOS = YES_AGGRESSIVE;
				GCC_WARN_UNUSED_FUNCTION = YES;
				GCC_WARN_UNUSED_VARIABLE = YES;
				IPHONEOS_DEPLOYMENT_TARGET = 17.5;
				LOCALIZATION_PREFERS_STRING_CATALOGS = YES;
				MTL_ENABLE_DEBUG_INFO = INCLUDE_SOURCE;
				MTL_FAST_MATH = YES;
				ONLY_ACTIVE_ARCH = YES;
				SDKROOT = iphoneos;
				SWIFT_ACTIVE_COMPILATION_CONDITIONS = "DEBUG $(inherited)";
				SWIFT_OPTIMIZATION_LEVEL = "-Onone";
			};
			name = Debug;
		};
		D4228C542C0555A300EC924A /* Release */ = {
			isa = XCBuildConfiguration;
			buildSettings = {
				ALWAYS_SEARCH_USER_PATHS = NO;
				ASSETCATALOG_COMPILER_GENERATE_SWIFT_ASSET_SYMBOL_EXTENSIONS = YES;
				CLANG_ANALYZER_NONNULL = YES;
				CLANG_ANALYZER_NUMBER_OBJECT_CONVERSION = YES_AGGRESSIVE;
				CLANG_CXX_LANGUAGE_STANDARD = "gnu++20";
				CLANG_ENABLE_MODULES = YES;
				CLANG_ENABLE_OBJC_ARC = YES;
				CLANG_ENABLE_OBJC_WEAK = YES;
				CLANG_WARN_BLOCK_CAPTURE_AUTORELEASING = YES;
				CLANG_WARN_BOOL_CONVERSION = YES;
				CLANG_WARN_COMMA = YES;
				CLANG_WARN_CONSTANT_CONVERSION = YES;
				CLANG_WARN_DEPRECATED_OBJC_IMPLEMENTATIONS = YES;
				CLANG_WARN_DIRECT_OBJC_ISA_USAGE = YES_ERROR;
				CLANG_WARN_DOCUMENTATION_COMMENTS = YES;
				CLANG_WARN_EMPTY_BODY = YES;
				CLANG_WARN_ENUM_CONVERSION = YES;
				CLANG_WARN_INFINITE_RECURSION = YES;
				CLANG_WARN_INT_CONVERSION = YES;
				CLANG_WARN_NON_LITERAL_NULL_CONVERSION = YES;
				CLANG_WARN_OBJC_IMPLICIT_RETAIN_SELF = YES;
				CLANG_WARN_OBJC_LITERAL_CONVERSION = YES;
				CLANG_WARN_OBJC_ROOT_CLASS = YES_ERROR;
				CLANG_WARN_QUOTED_INCLUDE_IN_FRAMEWORK_HEADER = YES;
				CLANG_WARN_RANGE_LOOP_ANALYSIS = YES;
				CLANG_WARN_STRICT_PROTOTYPES = YES;
				CLANG_WARN_SUSPICIOUS_MOVE = YES;
				CLANG_WARN_UNGUARDED_AVAILABILITY = YES_AGGRESSIVE;
				CLANG_WARN_UNREACHABLE_CODE = YES;
				CLANG_WARN__DUPLICATE_METHOD_MATCH = YES;
				COPY_PHASE_STRIP = NO;
				DEBUG_INFORMATION_FORMAT = "dwarf-with-dsym";
				ENABLE_NS_ASSERTIONS = NO;
				ENABLE_STRICT_OBJC_MSGSEND = YES;
				ENABLE_USER_SCRIPT_SANDBOXING = YES;
				GCC_C_LANGUAGE_STANDARD = gnu17;
				GCC_NO_COMMON_BLOCKS = YES;
				GCC_WARN_64_TO_32_BIT_CONVERSION = YES;
				GCC_WARN_ABOUT_RETURN_TYPE = YES_ERROR;
				GCC_WARN_UNDECLARED_SELECTOR = YES;
				GCC_WARN_UNINITIALIZED_AUTOS = YES_AGGRESSIVE;
				GCC_WARN_UNUSED_FUNCTION = YES;
				GCC_WARN_UNUSED_VARIABLE = YES;
				IPHONEOS_DEPLOYMENT_TARGET = 17.5;
				LOCALIZATION_PREFERS_STRING_CATALOGS = YES;
				MTL_ENABLE_DEBUG_INFO = NO;
				MTL_FAST_MATH = YES;
				SDKROOT = iphoneos;
				SWIFT_COMPILATION_MODE = wholemodule;
				VALIDATE_PRODUCT = YES;
			};
			name = Release;
		};
		D4228C562C0555A300EC924A /* Debug */ = {
			isa = XCBuildConfiguration;
			buildSettings = {
				ASSETCATALOG_COMPILER_APPICON_NAME = AppIcon;
				ASSETCATALOG_COMPILER_GLOBAL_ACCENT_COLOR_NAME = AccentColor;
				CODE_SIGN_STYLE = Automatic;
				CURRENT_PROJECT_VERSION = 1;
				DEVELOPMENT_TEAM = NWL6WKXWCJ;
				GENERATE_INFOPLIST_FILE = YES;
				INFOPLIST_FILE = SeSAC0528/Info.plist;
				INFOPLIST_KEY_UIApplicationSupportsIndirectInputEvents = YES;
				INFOPLIST_KEY_UILaunchStoryboardName = LaunchScreen;
				INFOPLIST_KEY_UIMainStoryboardFile = Main;
				INFOPLIST_KEY_UISupportedInterfaceOrientations = UIInterfaceOrientationPortrait;
				INFOPLIST_KEY_UISupportedInterfaceOrientations_iPad = "UIInterfaceOrientationLandscapeLeft UIInterfaceOrientationLandscapeRight UIInterfaceOrientationPortrait UIInterfaceOrientationPortraitUpsideDown";
				IPHONEOS_DEPLOYMENT_TARGET = 16.0;
				LD_RUNPATH_SEARCH_PATHS = (
					"$(inherited)",
					"@executable_path/Frameworks",
				);
				MARKETING_VERSION = 1.0;
				PRODUCT_BUNDLE_IDENTIFIER = com.Ray.SeSAC0528;
				PRODUCT_NAME = "$(TARGET_NAME)";
				SUPPORTED_PLATFORMS = "iphoneos iphonesimulator";
				SUPPORTS_MACCATALYST = NO;
				SUPPORTS_MAC_DESIGNED_FOR_IPHONE_IPAD = NO;
				SUPPORTS_XR_DESIGNED_FOR_IPHONE_IPAD = NO;
				SWIFT_EMIT_LOC_STRINGS = YES;
				SWIFT_VERSION = 5.0;
				TARGETED_DEVICE_FAMILY = 1;
			};
			name = Debug;
		};
		D4228C572C0555A300EC924A /* Release */ = {
			isa = XCBuildConfiguration;
			buildSettings = {
				ASSETCATALOG_COMPILER_APPICON_NAME = AppIcon;
				ASSETCATALOG_COMPILER_GLOBAL_ACCENT_COLOR_NAME = AccentColor;
				CODE_SIGN_STYLE = Automatic;
				CURRENT_PROJECT_VERSION = 1;
				DEVELOPMENT_TEAM = NWL6WKXWCJ;
				GENERATE_INFOPLIST_FILE = YES;
				INFOPLIST_FILE = SeSAC0528/Info.plist;
				INFOPLIST_KEY_UIApplicationSupportsIndirectInputEvents = YES;
				INFOPLIST_KEY_UILaunchStoryboardName = LaunchScreen;
				INFOPLIST_KEY_UIMainStoryboardFile = Main;
				INFOPLIST_KEY_UISupportedInterfaceOrientations = UIInterfaceOrientationPortrait;
				INFOPLIST_KEY_UISupportedInterfaceOrientations_iPad = "UIInterfaceOrientationLandscapeLeft UIInterfaceOrientationLandscapeRight UIInterfaceOrientationPortrait UIInterfaceOrientationPortraitUpsideDown";
				IPHONEOS_DEPLOYMENT_TARGET = 16.0;
				LD_RUNPATH_SEARCH_PATHS = (
					"$(inherited)",
					"@executable_path/Frameworks",
				);
				MARKETING_VERSION = 1.0;
				PRODUCT_BUNDLE_IDENTIFIER = com.Ray.SeSAC0528;
				PRODUCT_NAME = "$(TARGET_NAME)";
				SUPPORTED_PLATFORMS = "iphoneos iphonesimulator";
				SUPPORTS_MACCATALYST = NO;
				SUPPORTS_MAC_DESIGNED_FOR_IPHONE_IPAD = NO;
				SUPPORTS_XR_DESIGNED_FOR_IPHONE_IPAD = NO;
				SWIFT_EMIT_LOC_STRINGS = YES;
				SWIFT_VERSION = 5.0;
				TARGETED_DEVICE_FAMILY = 1;
			};
			name = Release;
		};
/* End XCBuildConfiguration section */

/* Begin XCConfigurationList section */
		D4228C3C2C0555A200EC924A /* Build configuration list for PBXProject "SeSAC0528" */ = {
			isa = XCConfigurationList;
			buildConfigurations = (
				D4228C532C0555A300EC924A /* Debug */,
				D4228C542C0555A300EC924A /* Release */,
			);
			defaultConfigurationIsVisible = 0;
			defaultConfigurationName = Release;
		};
		D4228C552C0555A300EC924A /* Build configuration list for PBXNativeTarget "SeSAC0528" */ = {
			isa = XCConfigurationList;
			buildConfigurations = (
				D4228C562C0555A300EC924A /* Debug */,
				D4228C572C0555A300EC924A /* Release */,
			);
			defaultConfigurationIsVisible = 0;
			defaultConfigurationName = Release;
		};
/* End XCConfigurationList section */
	};
	rootObject = D4228C392C0555A200EC924A /* Project object */;
}
